
Microsoft Visual Studio Solution File, Format Version 12.00
# Visual Studio Version 17
VisualStudioVersion = 17.5.002.0
MinimumVisualStudioVersion = 10.0.40219.1
Project("{9A19103F-16F7-4668-BE54-9A1E7A4F7556}") = "azrez-sh", "azrez-sh.csproj", "{1FE793F0-B9ED-4178-A62F-5820A7420E50}"
EndProject
Global
	GlobalSection(SolutionConfigurationPlatforms) = preSolution
		Debug|Any CPU = Debug|Any CPU
		Release|Any CPU = Release|Any CPU
	EndGlobalSection
	GlobalSection(ProjectConfigurationPlatforms) = postSolution
		{1FE793F0-B9ED-4178-A62F-5820A7420E50}.Debug|Any CPU.ActiveCfg = Debug|Any CPU
		{1FE793F0-B9ED-4178-A62F-5820A7420E50}.Debug|Any CPU.Build.0 = Debug|Any CPU
		{1FE793F0-B9ED-4178-A62F-5820A7420E50}.Release|Any CPU.ActiveCfg = Release|Any CPU
		{1FE793F0-B9ED-4178-A62F-5820A7420E50}.Release|Any CPU.Build.0 = Release|Any CPU
	EndGlobalSection
	GlobalSection(SolutionProperties) = preSolution
		HideSolutionNode = FALSE
	EndGlobalSection
	GlobalSection(ExtensibilityGlobals) = postSolution
		SolutionGuid = {60117203-7162-4D03-990C-34DAD90883F9}
	EndGlobalSection
EndGlobal
